
Microsoft Visual Studio Solution File, Format Version 12.00
# Visual Studio Version 17
VisualStudioVersion = 17.8.34322.80
MinimumVisualStudioVersion = 10.0.40219.1
Project("{9A19103F-16F7-4668-BE54-9A1E7A4F7556}") = "CheckoutServiceCore", "CheckoutServiceCore\CheckoutServiceCore.csproj", "{C0869A92-D63B-4DBE-85C0-9D514E899EE2}"
EndProject
Project("{9A19103F-16F7-4668-BE54-9A1E7A4F7556}") = "CheckoutService.Tests", "..\..\CheckoutService\CheckoutService.Tests\CheckoutService.Tests.csproj", "{5575309B-1123-4891-8C08-469DB582A1C9}"
EndProject
Global
	GlobalSection(SolutionConfigurationPlatforms) = preSolution
		Debug|Any CPU = Debug|Any CPU
		Release|Any CPU = Release|Any CPU
	EndGlobalSection
	GlobalSection(ProjectConfigurationPlatforms) = postSolution
		{C0869A92-D63B-4DBE-85C0-9D514E899EE2}.Debug|Any CPU.ActiveCfg = Debug|Any CPU
		{C0869A92-D63B-4DBE-85C0-9D514E899EE2}.Debug|Any CPU.Build.0 = Debug|Any CPU
		{C0869A92-D63B-4DBE-85C0-9D514E899EE2}.Release|Any CPU.ActiveCfg = Release|Any CPU
		{C0869A92-D63B-4DBE-85C0-9D514E899EE2}.Release|Any CPU.Build.0 = Release|Any CPU
		{5575309B-1123-4891-8C08-469DB582A1C9}.Debug|Any CPU.ActiveCfg = Debug|Any CPU
		{5575309B-1123-4891-8C08-469DB582A1C9}.Debug|Any CPU.Build.0 = Debug|Any CPU
		{5575309B-1123-4891-8C08-469DB582A1C9}.Release|Any CPU.ActiveCfg = Release|Any CPU
		{5575309B-1123-4891-8C08-469DB582A1C9}.Release|Any CPU.Build.0 = Release|Any CPU
	EndGlobalSection
	GlobalSection(SolutionProperties) = preSolution
		HideSolutionNode = FALSE
	EndGlobalSection
	GlobalSection(ExtensibilityGlobals) = postSolution
		SolutionGuid = {7CA17B7B-CB48-4836-9BBC-61B1288CC065}
	EndGlobalSection
EndGlobal
